Microsoft Visual Studio Solution File, Format Version 12.00
# Visual Studio Version 17
VisualStudioVersion = 17.5.2.0
MinimumVisualStudioVersion = 10.0.40219.1
Project("{FAE04EC0-301F-11D3-BF4B-00C04F79EFBC}") = "quartz-job", "quartz-job.csproj", "{147C7022-B946-7DFC-3C89-BB8F8D3C184E}"
EndProject
Global
	GlobalSection(SolutionConfigurationPlatforms) = preSolution
		Debug|Any CPU = Debug|Any CPU
		Release|Any CPU = Release|Any CPU
	EndGlobalSection
	GlobalSection(ProjectConfigurationPlatforms) = postSolution
		{147C7022-B946-7DFC-3C89-BB8F8D3C184E}.Debug|Any CPU.ActiveCfg = Debug|Any CPU
		{147C7022-B946-7DFC-3C89-BB8F8D3C184E}.Debug|Any CPU.Build.0 = Debug|Any CPU
		{147C7022-B946-7DFC-3C89-BB8F8D3C184E}.Release|Any CPU.ActiveCfg = Release|Any CPU
		{147C7022-B946-7DFC-3C89-BB8F8D3C184E}.Release|Any CPU.Build.0 = Release|Any CPU
	EndGlobalSection
	GlobalSection(SolutionProperties) = preSolution
		HideSolutionNode = FALSE
	EndGlobalSection
	GlobalSection(ExtensibilityGlobals) = postSolution
		SolutionGuid = {04952012-D415-438F-9134-32C4F6E26B50}
	EndGlobalSection
EndGlobal
